
Microsoft Visual Studio Solution File, Format Version 12.00
Project("{FAE04EC0-301F-11D3-BF4B-00C04F79EFBC}") = "JXS.Utils", "src\JXS.Utils\JXS.Utils.csproj", "{8235A964-FF2C-464B-AE8D-B1C4F147992D}"
EndProject
Project("{FAE04EC0-301F-11D3-BF4B-00C04F79EFBC}") = "JXS.Ecs.Core", "src\JXS.Ecs.Core\JXS.Ecs.Core.csproj", "{CB4415D9-79ED-4447-9FD2-ABD7D0F204B5}"
EndProject
Project("{FAE04EC0-301F-11D3-BF4B-00C04F79EFBC}") = "JXS.Ecs.Generators", "src\JXS.Ecs.Generators\JXS.Ecs.Generators.csproj", "{243803F6-1C5C-41A3-B82B-E4EB3B08F3CD}"
EndProject
Project("{FAE04EC0-301F-11D3-BF4B-00C04F79EFBC}") = "JXS.Ecs.Examples", "src\JXS.Ecs.Examples\JXS.Ecs.Examples.csproj", "{6C3E143C-978B-4797-AEA1-FAD8735CE0B8}"
EndProject
Project("{FAE04EC0-301F-11D3-BF4B-00C04F79EFBC}") = "JXS.Graphics.Core", "src\JXS.Graphics.Core\JXS.Graphics.Core.csproj", "{4B376187-EC70-4972-A07C-7AB2E7EFF20F}"
EndProject
Project("{FAE04EC0-301F-11D3-BF4B-00C04F79EFBC}") = "JXS.Graphics.Utils", "src\JXS.Graphics.Utils\JXS.Graphics.Utils.csproj", "{C240A3E2-75D7-4908-BFE3-703C96B8F64C}"
EndProject
Project("{FAE04EC0-301F-11D3-BF4B-00C04F79EFBC}") = "JXS.Input.Core", "src\JXS.Input.Core\JXS.Input.Core.csproj", "{2F2B11D1-3BA7-48E4-A04A-9FD0C7CF07ED}"
EndProject
Project("{FAE04EC0-301F-11D3-BF4B-00C04F79EFBC}") = "JXS.Windowing.Core", "src\JXS.Windowing.Core\JXS.Windowing.Core.csproj", "{7CC0C96B-5E73-4493-8C57-DDCFFF31AF81}"
EndProject
Project("{FAE04EC0-301F-11D3-BF4B-00C04F79EFBC}") = "JXS.Graphics.Text", "src\JXS.Graphics.Text\JXS.Graphics.Text.csproj", "{82B0A286-BCDD-4F2E-A685-C62EEE6C22DF}"
EndProject
Project("{FAE04EC0-301F-11D3-BF4B-00C04F79EFBC}") = "JXS.Graphics.Generators", "src\JXS.Graphics.Generators\JXS.Graphics.Generators.csproj", "{88F7C163-83B2-4340-8A3F-56EC1A728B24}"
EndProject
Project("{FAE04EC0-301F-11D3-BF4B-00C04F79EFBC}") = "JXS.Gui.Demo", "src\JXS.Gui.Demo\JXS.Gui.Demo.csproj", "{A19D9E63-51D8-444E-9708-33710789123E}"
EndProject
Project("{FAE04EC0-301F-11D3-BF4B-00C04F79EFBC}") = "JXS.Audio", "src\JXS.Audio\JXS.Audio.csproj", "{63E017C8-8969-4E80-8CF6-8DB78368CF2C}"
EndProject
Project("{FAE04EC0-301F-11D3-BF4B-00C04F79EFBC}") = "JXS.Async", "src\JXS.Async\JXS.Async.csproj", "{1D43E85E-0125-4C0D-B999-49D3C8394468}"
EndProject
Project("{FAE04EC0-301F-11D3-BF4B-00C04F79EFBC}") = "JXS.AssetManagement", "src\JXS.AssetManagement\JXS.AssetManagement.csproj", "{31505413-7AF6-411C-92B9-24A7F75A9620}"
EndProject
Project("{FAE04EC0-301F-11D3-BF4B-00C04F79EFBC}") = "JXS.Ai.Steering", "src\JXS.Ai.Steering\JXS.Ai.Steering.csproj", "{2B8C3575-F44C-4E7B-BDEB-A67D6F731D54}"
EndProject
Project("{FAE04EC0-301F-11D3-BF4B-00C04F79EFBC}") = "CodeFirst", "src\CodeFirst\CodeFirst.csproj", "{8185DC56-4158-4D5D-A581-09C8B136DAA2}"
EndProject
Project("{FAE04EC0-301F-11D3-BF4B-00C04F79EFBC}") = "CodeFirst.Generators", "src\CodeFirst.Generators\CodeFirst.Generators.csproj", "{2A6E957A-8B67-4DE4-9727-13E499CA8ED6}"
EndProject
Global
	GlobalSection(SolutionConfigurationPlatforms) = preSolution
		Debug|Any CPU = Debug|Any CPU
		Release|Any CPU = Release|Any CPU
	EndGlobalSection
	GlobalSection(ProjectConfigurationPlatforms) = postSolution
		{8235A964-FF2C-464B-AE8D-B1C4F147992D}.Debug|Any CPU.ActiveCfg = Debug|Any CPU
		{8235A964-FF2C-464B-AE8D-B1C4F147992D}.Debug|Any CPU.Build.0 = Debug|Any CPU
		{8235A964-FF2C-464B-AE8D-B1C4F147992D}.Release|Any CPU.ActiveCfg = Release|Any CPU
		{8235A964-FF2C-464B-AE8D-B1C4F147992D}.Release|Any CPU.Build.0 = Release|Any CPU
		{CB4415D9-79ED-4447-9FD2-ABD7D0F204B5}.Debug|Any CPU.ActiveCfg = Debug|Any CPU
		{CB4415D9-79ED-4447-9FD2-ABD7D0F204B5}.Debug|Any CPU.Build.0 = Debug|Any CPU
		{CB4415D9-79ED-4447-9FD2-ABD7D0F204B5}.Release|Any CPU.ActiveCfg = Release|Any CPU
		{CB4415D9-79ED-4447-9FD2-ABD7D0F204B5}.Release|Any CPU.Build.0 = Release|Any CPU
		{243803F6-1C5C-41A3-B82B-E4EB3B08F3CD}.Debug|Any CPU.ActiveCfg = Debug|Any CPU
		{243803F6-1C5C-41A3-B82B-E4EB3B08F3CD}.Debug|Any CPU.Build.0 = Debug|Any CPU
		{243803F6-1C5C-41A3-B82B-E4EB3B08F3CD}.Release|Any CPU.ActiveCfg = Release|Any CPU
		{243803F6-1C5C-41A3-B82B-E4EB3B08F3CD}.Release|Any CPU.Build.0 = Release|Any CPU
		{6C3E143C-978B-4797-AEA1-FAD8735CE0B8}.Debug|Any CPU.ActiveCfg = Debug|Any CPU
		{6C3E143C-978B-4797-AEA1-FAD8735CE0B8}.Debug|Any CPU.Build.0 = Debug|Any CPU
		{6C3E143C-978B-4797-AEA1-FAD8735CE0B8}.Release|Any CPU.ActiveCfg = Release|Any CPU
		{6C3E143C-978B-4797-AEA1-FAD8735CE0B8}.Release|Any CPU.Build.0 = Release|Any CPU
		{4B376187-EC70-4972-A07C-7AB2E7EFF20F}.Debug|Any CPU.ActiveCfg = Debug|Any CPU
		{4B376187-EC70-4972-A07C-7AB2E7EFF20F}.Debug|Any CPU.Build.0 = Debug|Any CPU
		{4B376187-EC70-4972-A07C-7AB2E7EFF20F}.Release|Any CPU.ActiveCfg = Release|Any CPU
		{4B376187-EC70-4972-A07C-7AB2E7EFF20F}.Release|Any CPU.Build.0 = Release|Any CPU
		{C240A3E2-75D7-4908-BFE3-703C96B8F64C}.Debug|Any CPU.ActiveCfg = Debug|Any CPU
		{C240A3E2-75D7-4908-BFE3-703C96B8F64C}.Debug|Any CPU.Build.0 = Debug|Any CPU
		{C240A3E2-75D7-4908-BFE3-703C96B8F64C}.Release|Any CPU.ActiveCfg = Release|Any CPU
		{C240A3E2-75D7-4908-BFE3-703C96B8F64C}.Release|Any CPU.Build.0 = Release|Any CPU
		{2F2B11D1-3BA7-48E4-A04A-9FD0C7CF07ED}.Debug|Any CPU.ActiveCfg = Debug|Any CPU
		{2F2B11D1-3BA7-48E4-A04A-9FD0C7CF07ED}.Debug|Any CPU.Build.0 = Debug|Any CPU
		{2F2B11D1-3BA7-48E4-A04A-9FD0C7CF07ED}.Release|Any CPU.ActiveCfg = Release|Any CPU
		{2F2B11D1-3BA7-48E4-A04A-9FD0C7CF07ED}.Release|Any CPU.Build.0 = Release|Any CPU
		{7CC0C96B-5E73-4493-8C57-DDCFFF31AF81}.Debug|Any CPU.ActiveCfg = Debug|Any CPU
		{7CC0C96B-5E73-4493-8C57-DDCFFF31AF81}.Debug|Any CPU.Build.0 = Debug|Any CPU
		{7CC0C96B-5E73-4493-8C57-DDCFFF31AF81}.Release|Any CPU.ActiveCfg = Release|Any CPU
		{7CC0C96B-5E73-4493-8C57-DDCFFF31AF81}.Release|Any CPU.Build.0 = Release|Any CPU
		{88F7C163-83B2-4340-8A3F-56EC1A728B24}.Debug|Any CPU.ActiveCfg = Debug|Any CPU
		{88F7C163-83B2-4340-8A3F-56EC1A728B24}.Debug|Any CPU.Build.0 = Debug|Any CPU
		{82B0A286-BCDD-4F2E-A685-C62EEE6C22DF}.Debug|Any CPU.ActiveCfg = Debug|Any CPU
		{82B0A286-BCDD-4F2E-A685-C62EEE6C22DF}.Debug|Any CPU.Build.0 = Debug|Any CPU
		{A19D9E63-51D8-444E-9708-33710789123E}.Debug|Any CPU.ActiveCfg = Debug|Any CPU
		{A19D9E63-51D8-444E-9708-33710789123E}.Debug|Any CPU.Build.0 = Debug|Any CPU
		{A19D9E63-51D8-444E-9708-33710789123E}.Release|Any CPU.ActiveCfg = Release|Any CPU
		{A19D9E63-51D8-444E-9708-33710789123E}.Release|Any CPU.Build.0 = Release|Any CPU
		{63E017C8-8969-4E80-8CF6-8DB78368CF2C}.Debug|Any CPU.ActiveCfg = Debug|Any CPU
		{63E017C8-8969-4E80-8CF6-8DB78368CF2C}.Debug|Any CPU.Build.0 = Debug|Any CPU
		{63E017C8-8969-4E80-8CF6-8DB78368CF2C}.Release|Any CPU.ActiveCfg = Release|Any CPU
		{63E017C8-8969-4E80-8CF6-8DB78368CF2C}.Release|Any CPU.Build.0 = Release|Any CPU
		{1D43E85E-0125-4C0D-B999-49D3C8394468}.Debug|Any CPU.ActiveCfg = Debug|Any CPU
		{1D43E85E-0125-4C0D-B999-49D3C8394468}.Debug|Any CPU.Build.0 = Debug|Any CPU
		{1D43E85E-0125-4C0D-B999-49D3C8394468}.Release|Any CPU.ActiveCfg = Release|Any CPU
		{1D43E85E-0125-4C0D-B999-49D3C8394468}.Release|Any CPU.Build.0 = Release|Any CPU
		{31505413-7AF6-411C-92B9-24A7F75A9620}.Debug|Any CPU.ActiveCfg = Debug|Any CPU
		{31505413-7AF6-411C-92B9-24A7F75A9620}.Debug|Any CPU.Build.0 = Debug|Any CPU
		{31505413-7AF6-411C-92B9-24A7F75A9620}.Release|Any CPU.ActiveCfg = Release|Any CPU
		{31505413-7AF6-411C-92B9-24A7F75A9620}.Release|Any CPU.Build.0 = Release|Any CPU
		{2B8C3575-F44C-4E7B-BDEB-A67D6F731D54}.Debug|Any CPU.ActiveCfg = Debug|Any CPU
		{2B8C3575-F44C-4E7B-BDEB-A67D6F731D54}.Debug|Any CPU.Build.0 = Debug|Any CPU
		{2B8C3575-F44C-4E7B-BDEB-A67D6F731D54}.Release|Any CPU.ActiveCfg = Release|Any CPU
		{2B8C3575-F44C-4E7B-BDEB-A67D6F731D54}.Release|Any CPU.Build.0 = Release|Any CPU
		{8185DC56-4158-4D5D-A581-09C8B136DAA2}.Debug|Any CPU.ActiveCfg = Debug|Any CPU
		{8185DC56-4158-4D5D-A581-09C8B136DAA2}.Debug|Any CPU.Build.0 = Debug|Any CPU
		{8185DC56-4158-4D5D-A581-09C8B136DAA2}.Release|Any CPU.ActiveCfg = Release|Any CPU
		{8185DC56-4158-4D5D-A581-09C8B136DAA2}.Release|Any CPU.Build.0 = Release|Any CPU
		{2A6E957A-8B67-4DE4-9727-13E499CA8ED6}.Debug|Any CPU.ActiveCfg = Debug|Any CPU
		{2A6E957A-8B67-4DE4-9727-13E499CA8ED6}.Debug|Any CPU.Build.0 = Debug|Any CPU
		{2A6E957A-8B67-4DE4-9727-13E499CA8ED6}.Release|Any CPU.ActiveCfg = Release|Any CPU
		{2A6E957A-8B67-4DE4-9727-13E499CA8ED6}.Release|Any CPU.Build.0 = Release|Any CPU
	EndGlobalSection
EndGlobal
